
Microsoft Visual Studio Solution File, Format Version 12.00
# Visual Studio Version 17
VisualStudioVersion = 17.5.002.0
MinimumVisualStudioVersion = 10.0.40219.1
Project("{9A19103F-16F7-4668-BE54-9A1E7A4F7556}") = "whisper-test", "whisper-test.csproj", "{6E7FE1A7-6C0A-489F-8C5A-36EF96FFFDF5}"
EndProject
Global
	GlobalSection(SolutionConfigurationPlatforms) = preSolution
		Debug|Any CPU = Debug|Any CPU
		Release|Any CPU = Release|Any CPU
	EndGlobalSection
	GlobalSection(ProjectConfigurationPlatforms) = postSolution
		{6E7FE1A7-6C0A-489F-8C5A-36EF96FFFDF5}.Debug|Any CPU.ActiveCfg = Debug|Any CPU
		{6E7FE1A7-6C0A-489F-8C5A-36EF96FFFDF5}.Debug|Any CPU.Build.0 = Debug|Any CPU
		{6E7FE1A7-6C0A-489F-8C5A-36EF96FFFDF5}.Release|Any CPU.ActiveCfg = Release|Any CPU
		{6E7FE1A7-6C0A-489F-8C5A-36EF96FFFDF5}.Release|Any CPU.Build.0 = Release|Any CPU
	EndGlobalSection
	GlobalSection(SolutionProperties) = preSolution
		HideSolutionNode = FALSE
	EndGlobalSection
	GlobalSection(ExtensibilityGlobals) = postSolution
		SolutionGuid = {BD6E03EA-E17B-41AC-9647-7CB4D859F889}
	EndGlobalSection
EndGlobal
